
Microsoft Visual Studio Solution File, Format Version 12.00
# Visual Studio 15
VisualStudioVersion = 15.0.28307.705
MinimumVisualStudioVersion = 10.0.40219.1
Project("{FAE04EC0-301F-11D3-BF4B-00C04F79EFBC}") = "电子族谱管理系统", "电子族谱管理系统\电子族谱管理系统.csproj", "{958884B0-69FE-4067-97A2-F3F982AB5D0A}"
EndProject
Project("{FAE04EC0-301F-11D3-BF4B-00C04F79EFBC}") = "Common", "Common\Common.csproj", "{EFDA3BC3-9B1C-4D20-B39B-E50E7E752473}"
EndProject
Project("{FAE04EC0-301F-11D3-BF4B-00C04F79EFBC}") = "Dal", "Dal\Dal.csproj", "{0FF5AA0E-F92E-4B66-A7FD-6062668F584F}"
EndProject
Project("{FAE04EC0-301F-11D3-BF4B-00C04F79EFBC}") = "Model", "Model\Model.csproj", "{04D04E36-FEE5-49EF-B053-F21282D37D3F}"
EndProject
Global
	GlobalSection(SolutionConfigurationPlatforms) = preSolution
		Debug|Any CPU = Debug|Any CPU
		Release|Any CPU = Release|Any CPU
	EndGlobalSection
	GlobalSection(ProjectConfigurationPlatforms) = postSolution
		{958884B0-69FE-4067-97A2-F3F982AB5D0A}.Debug|Any CPU.ActiveCfg = Debug|Any CPU
		{958884B0-69FE-4067-97A2-F3F982AB5D0A}.Debug|Any CPU.Build.0 = Debug|Any CPU
		{958884B0-69FE-4067-97A2-F3F982AB5D0A}.Release|Any CPU.ActiveCfg = Release|Any CPU
		{958884B0-69FE-4067-97A2-F3F982AB5D0A}.Release|Any CPU.Build.0 = Release|Any CPU
		{EFDA3BC3-9B1C-4D20-B39B-E50E7E752473}.Debug|Any CPU.ActiveCfg = Debug|Any CPU
		{EFDA3BC3-9B1C-4D20-B39B-E50E7E752473}.Debug|Any CPU.Build.0 = Debug|Any CPU
		{EFDA3BC3-9B1C-4D20-B39B-E50E7E752473}.Release|Any CPU.ActiveCfg = Release|Any CPU
		{EFDA3BC3-9B1C-4D20-B39B-E50E7E752473}.Release|Any CPU.Build.0 = Release|Any CPU
		{0FF5AA0E-F92E-4B66-A7FD-6062668F584F}.Debug|Any CPU.ActiveCfg = Debug|Any CPU
		{0FF5AA0E-F92E-4B66-A7FD-6062668F584F}.Debug|Any CPU.Build.0 = Debug|Any CPU
		{0FF5AA0E-F92E-4B66-A7FD-6062668F584F}.Release|Any CPU.ActiveCfg = Release|Any CPU
		{0FF5AA0E-F92E-4B66-A7FD-6062668F584F}.Release|Any CPU.Build.0 = Release|Any CPU
		{04D04E36-FEE5-49EF-B053-F21282D37D3F}.Debug|Any CPU.ActiveCfg = Debug|Any CPU
		{04D04E36-FEE5-49EF-B053-F21282D37D3F}.Debug|Any CPU.Build.0 = Debug|Any CPU
		{04D04E36-FEE5-49EF-B053-F21282D37D3F}.Release|Any CPU.ActiveCfg = Release|Any CPU
		{04D04E36-FEE5-49EF-B053-F21282D37D3F}.Release|Any CPU.Build.0 = Release|Any CPU
	EndGlobalSection
	GlobalSection(SolutionProperties) = preSolution
		HideSolutionNode = FALSE
	EndGlobalSection
	GlobalSection(ExtensibilityGlobals) = postSolution
		SolutionGuid = {1D3C05BF-DAA7-460B-893B-8E9C07CC55E6}
	EndGlobalSection
EndGlobal
